
Microsoft Visual Studio Solution File, Format Version 12.00
# Visual Studio 15
VisualStudioVersion = 15.0.28307.421
MinimumVisualStudioVersion = 10.0.40219.1
Project("{FAE04EC0-301F-11D3-BF4B-00C04F79EFBC}") = "Patterns", "Patterns\Patterns.csproj", "{1A5C0712-98B1-47E4-B52D-37D733625110}"
EndProject
Project("{FAE04EC0-301F-11D3-BF4B-00C04F79EFBC}") = "Factory", "Factory\Factory.csproj", "{2DD67340-7C83-424F-B5AA-BEA0DA535CC6}"
EndProject
Project("{FAE04EC0-301F-11D3-BF4B-00C04F79EFBC}") = "AbstractFactory", "AbstractFactory\AbstractFactory.csproj", "{6F38A25C-721F-4556-B542-8891C21F8AF0}"
EndProject
Project("{FAE04EC0-301F-11D3-BF4B-00C04F79EFBC}") = "Singleton", "Singleton\Singleton.csproj", "{09DFD43E-1987-4C67-ACB1-49B7D3D5852E}"
EndProject
Project("{FAE04EC0-301F-11D3-BF4B-00C04F79EFBC}") = "Prototype", "Prototype\Prototype.csproj", "{E3A6FFB7-F123-4E0B-AF4B-B5D872E43393}"
EndProject
Project("{FAE04EC0-301F-11D3-BF4B-00C04F79EFBC}") = "Builder", "Builder\Builder.csproj", "{37ED5FFF-A530-4EB5-BCD0-D64A1118DBEC}"
EndProject
Project("{FAE04EC0-301F-11D3-BF4B-00C04F79EFBC}") = "Strategy", "Strategy\Strategy.csproj", "{7715CD3E-398B-49D0-88F5-BC367C236A8F}"
EndProject
Project("{FAE04EC0-301F-11D3-BF4B-00C04F79EFBC}") = "Observer", "Observer\Observer.csproj", "{BFF881B5-6B59-40B0-AF3B-7145BD10D1FA}"
EndProject
Project("{FAE04EC0-301F-11D3-BF4B-00C04F79EFBC}") = "Command", "Command\Command.csproj", "{C8165D65-B719-4A9B-8107-9C19F9F7134B}"
EndProject
Project("{FAE04EC0-301F-11D3-BF4B-00C04F79EFBC}") = "Template", "Template\Template.csproj", "{A192225E-D191-40A5-8D42-C678BA73EE68}"
EndProject
Project("{FAE04EC0-301F-11D3-BF4B-00C04F79EFBC}") = "Iterator", "Iterator\Iterator.csproj", "{7839D607-D4A2-4829-93A1-949ABA0C2B2E}"
EndProject
Project("{FAE04EC0-301F-11D3-BF4B-00C04F79EFBC}") = "States", "States\States.csproj", "{1B168EFA-9B9B-458B-BD4D-3608E75C466D}"
EndProject
Project("{FAE04EC0-301F-11D3-BF4B-00C04F79EFBC}") = "ChainOfResponsibility", "ChainOfResponsibility\ChainOfResponsibility.csproj", "{F1294250-223B-4C21-81E0-04BC0AB6B13E}"
EndProject
Project("{FAE04EC0-301F-11D3-BF4B-00C04F79EFBC}") = "Interpreter", "Interpreter\Interpreter.csproj", "{A5EB5824-E9EB-46CB-B01D-3A2C46D46417}"
EndProject
Project("{FAE04EC0-301F-11D3-BF4B-00C04F79EFBC}") = "Mediator", "Mediator\Mediator.csproj", "{44A95B75-2219-4F77-B579-70124071BE3F}"
EndProject
Project("{FAE04EC0-301F-11D3-BF4B-00C04F79EFBC}") = "Memento", "Memento\Memento.csproj", "{D52A7C88-9BCA-42C3-A213-CCDBCDB24582}"
EndProject
Project("{FAE04EC0-301F-11D3-BF4B-00C04F79EFBC}") = "Visitor", "Visitor\Visitor.csproj", "{98AC74CC-75E3-46D4-AD4D-36551150ADBE}"
EndProject
Project("{FAE04EC0-301F-11D3-BF4B-00C04F79EFBC}") = "Decorator", "Decorator\Decorator.csproj", "{73E5B77D-9661-4C66-BAD5-DFB2C11816E2}"
EndProject
Project("{FAE04EC0-301F-11D3-BF4B-00C04F79EFBC}") = "Adapter", "Adapter\Adapter.csproj", "{C56D6002-6A08-471A-841E-CAD1EFD72B92}"
EndProject
Project("{FAE04EC0-301F-11D3-BF4B-00C04F79EFBC}") = "Facade", "Facade\Facade.csproj", "{ABE97332-C08D-444E-AE8A-948C89E79718}"
EndProject
Project("{FAE04EC0-301F-11D3-BF4B-00C04F79EFBC}") = "Composite", "Composite\Composite.csproj", "{D207C40B-FC97-4802-95D4-4C05A27D699F}"
EndProject
Project("{FAE04EC0-301F-11D3-BF4B-00C04F79EFBC}") = "Proxy", "Proxy\Proxy.csproj", "{375D2A09-56F8-4BB0-9C5B-FD9F9586772E}"
EndProject
Project("{FAE04EC0-301F-11D3-BF4B-00C04F79EFBC}") = "Bridge", "Bridge\Bridge.csproj", "{F313DA91-3A82-44A4-8B64-D07D93DB884F}"
EndProject
Project("{FAE04EC0-301F-11D3-BF4B-00C04F79EFBC}") = "Flyweight", "Flyweight\Flyweight.csproj", "{1506DF0F-833C-430E-9C9F-76221EB28606}"
EndProject
Global
	GlobalSection(SolutionConfigurationPlatforms) = preSolution
		Debug|Any CPU = Debug|Any CPU
		Release|Any CPU = Release|Any CPU
	EndGlobalSection
	GlobalSection(ProjectConfigurationPlatforms) = postSolution
		{1A5C0712-98B1-47E4-B52D-37D733625110}.Debug|Any CPU.ActiveCfg = Debug|Any CPU
		{1A5C0712-98B1-47E4-B52D-37D733625110}.Debug|Any CPU.Build.0 = Debug|Any CPU
		{1A5C0712-98B1-47E4-B52D-37D733625110}.Release|Any CPU.ActiveCfg = Release|Any CPU
		{1A5C0712-98B1-47E4-B52D-37D733625110}.Release|Any CPU.Build.0 = Release|Any CPU
		{2DD67340-7C83-424F-B5AA-BEA0DA535CC6}.Debug|Any CPU.ActiveCfg = Debug|Any CPU
		{2DD67340-7C83-424F-B5AA-BEA0DA535CC6}.Debug|Any CPU.Build.0 = Debug|Any CPU
		{2DD67340-7C83-424F-B5AA-BEA0DA535CC6}.Release|Any CPU.ActiveCfg = Release|Any CPU
		{2DD67340-7C83-424F-B5AA-BEA0DA535CC6}.Release|Any CPU.Build.0 = Release|Any CPU
		{6F38A25C-721F-4556-B542-8891C21F8AF0}.Debug|Any CPU.ActiveCfg = Debug|Any CPU
		{6F38A25C-721F-4556-B542-8891C21F8AF0}.Debug|Any CPU.Build.0 = Debug|Any CPU
		{6F38A25C-721F-4556-B542-8891C21F8AF0}.Release|Any CPU.ActiveCfg = Release|Any CPU
		{6F38A25C-721F-4556-B542-8891C21F8AF0}.Release|Any CPU.Build.0 = Release|Any CPU
		{09DFD43E-1987-4C67-ACB1-49B7D3D5852E}.Debug|Any CPU.ActiveCfg = Debug|Any CPU
		{09DFD43E-1987-4C67-ACB1-49B7D3D5852E}.Debug|Any CPU.Build.0 = Debug|Any CPU
		{09DFD43E-1987-4C67-ACB1-49B7D3D5852E}.Release|Any CPU.ActiveCfg = Release|Any CPU
		{09DFD43E-1987-4C67-ACB1-49B7D3D5852E}.Release|Any CPU.Build.0 = Release|Any CPU
		{E3A6FFB7-F123-4E0B-AF4B-B5D872E43393}.Debug|Any CPU.ActiveCfg = Debug|Any CPU
		{E3A6FFB7-F123-4E0B-AF4B-B5D872E43393}.Debug|Any CPU.Build.0 = Debug|Any CPU
		{E3A6FFB7-F123-4E0B-AF4B-B5D872E43393}.Release|Any CPU.ActiveCfg = Release|Any CPU
		{E3A6FFB7-F123-4E0B-AF4B-B5D872E43393}.Release|Any CPU.Build.0 = Release|Any CPU
		{37ED5FFF-A530-4EB5-BCD0-D64A1118DBEC}.Debug|Any CPU.ActiveCfg = Debug|Any CPU
		{37ED5FFF-A530-4EB5-BCD0-D64A1118DBEC}.Debug|Any CPU.Build.0 = Debug|Any CPU
		{37ED5FFF-A530-4EB5-BCD0-D64A1118DBEC}.Release|Any CPU.ActiveCfg = Release|Any CPU
		{37ED5FFF-A530-4EB5-BCD0-D64A1118DBEC}.Release|Any CPU.Build.0 = Release|Any CPU
		{7715CD3E-398B-49D0-88F5-BC367C236A8F}.Debug|Any CPU.ActiveCfg = Debug|Any CPU
		{7715CD3E-398B-49D0-88F5-BC367C236A8F}.Debug|Any CPU.Build.0 = Debug|Any CPU
		{7715CD3E-398B-49D0-88F5-BC367C236A8F}.Release|Any CPU.ActiveCfg = Release|Any CPU
		{7715CD3E-398B-49D0-88F5-BC367C236A8F}.Release|Any CPU.Build.0 = Release|Any CPU
		{BFF881B5-6B59-40B0-AF3B-7145BD10D1FA}.Debug|Any CPU.ActiveCfg = Debug|Any CPU
		{BFF881B5-6B59-40B0-AF3B-7145BD10D1FA}.Debug|Any CPU.Build.0 = Debug|Any CPU
		{BFF881B5-6B59-40B0-AF3B-7145BD10D1FA}.Release|Any CPU.ActiveCfg = Release|Any CPU
		{BFF881B5-6B59-40B0-AF3B-7145BD10D1FA}.Release|Any CPU.Build.0 = Release|Any CPU
		{C8165D65-B719-4A9B-8107-9C19F9F7134B}.Debug|Any CPU.ActiveCfg = Debug|Any CPU
		{C8165D65-B719-4A9B-8107-9C19F9F7134B}.Debug|Any CPU.Build.0 = Debug|Any CPU
		{C8165D65-B719-4A9B-8107-9C19F9F7134B}.Release|Any CPU.ActiveCfg = Release|Any CPU
		{C8165D65-B719-4A9B-8107-9C19F9F7134B}.Release|Any CPU.Build.0 = Release|Any CPU
		{A192225E-D191-40A5-8D42-C678BA73EE68}.Debug|Any CPU.ActiveCfg = Debug|Any CPU
		{A192225E-D191-40A5-8D42-C678BA73EE68}.Debug|Any CPU.Build.0 = Debug|Any CPU
		{A192225E-D191-40A5-8D42-C678BA73EE68}.Release|Any CPU.ActiveCfg = Release|Any CPU
		{A192225E-D191-40A5-8D42-C678BA73EE68}.Release|Any CPU.Build.0 = Release|Any CPU
		{7839D607-D4A2-4829-93A1-949ABA0C2B2E}.Debug|Any CPU.ActiveCfg = Debug|Any CPU
		{7839D607-D4A2-4829-93A1-949ABA0C2B2E}.Debug|Any CPU.Build.0 = Debug|Any CPU
		{7839D607-D4A2-4829-93A1-949ABA0C2B2E}.Release|Any CPU.ActiveCfg = Release|Any CPU
		{7839D607-D4A2-4829-93A1-949ABA0C2B2E}.Release|Any CPU.Build.0 = Release|Any CPU
		{1B168EFA-9B9B-458B-BD4D-3608E75C466D}.Debug|Any CPU.ActiveCfg = Debug|Any CPU
		{1B168EFA-9B9B-458B-BD4D-3608E75C466D}.Debug|Any CPU.Build.0 = Debug|Any CPU
		{1B168EFA-9B9B-458B-BD4D-3608E75C466D}.Release|Any CPU.ActiveCfg = Release|Any CPU
		{1B168EFA-9B9B-458B-BD4D-3608E75C466D}.Release|Any CPU.Build.0 = Release|Any CPU
		{F1294250-223B-4C21-81E0-04BC0AB6B13E}.Debug|Any CPU.ActiveCfg = Debug|Any CPU
		{F1294250-223B-4C21-81E0-04BC0AB6B13E}.Debug|Any CPU.Build.0 = Debug|Any CPU
		{F1294250-223B-4C21-81E0-04BC0AB6B13E}.Release|Any CPU.ActiveCfg = Release|Any CPU
		{F1294250-223B-4C21-81E0-04BC0AB6B13E}.Release|Any CPU.Build.0 = Release|Any CPU
		{A5EB5824-E9EB-46CB-B01D-3A2C46D46417}.Debug|Any CPU.ActiveCfg = Debug|Any CPU
		{A5EB5824-E9EB-46CB-B01D-3A2C46D46417}.Debug|Any CPU.Build.0 = Debug|Any CPU
		{A5EB5824-E9EB-46CB-B01D-3A2C46D46417}.Release|Any CPU.ActiveCfg = Release|Any CPU
		{A5EB5824-E9EB-46CB-B01D-3A2C46D46417}.Release|Any CPU.Build.0 = Release|Any CPU
		{44A95B75-2219-4F77-B579-70124071BE3F}.Debug|Any CPU.ActiveCfg = Debug|Any CPU
		{44A95B75-2219-4F77-B579-70124071BE3F}.Debug|Any CPU.Build.0 = Debug|Any CPU
		{44A95B75-2219-4F77-B579-70124071BE3F}.Release|Any CPU.ActiveCfg = Release|Any CPU
		{44A95B75-2219-4F77-B579-70124071BE3F}.Release|Any CPU.Build.0 = Release|Any CPU
		{D52A7C88-9BCA-42C3-A213-CCDBCDB24582}.Debug|Any CPU.ActiveCfg = Debug|Any CPU
		{D52A7C88-9BCA-42C3-A213-CCDBCDB24582}.Debug|Any CPU.Build.0 = Debug|Any CPU
		{D52A7C88-9BCA-42C3-A213-CCDBCDB24582}.Release|Any CPU.ActiveCfg = Release|Any CPU
		{D52A7C88-9BCA-42C3-A213-CCDBCDB24582}.Release|Any CPU.Build.0 = Release|Any CPU
		{98AC74CC-75E3-46D4-AD4D-36551150ADBE}.Debug|Any CPU.ActiveCfg = Debug|Any CPU
		{98AC74CC-75E3-46D4-AD4D-36551150ADBE}.Debug|Any CPU.Build.0 = Debug|Any CPU
		{98AC74CC-75E3-46D4-AD4D-36551150ADBE}.Release|Any CPU.ActiveCfg = Release|Any CPU
		{98AC74CC-75E3-46D4-AD4D-36551150ADBE}.Release|Any CPU.Build.0 = Release|Any CPU
		{73E5B77D-9661-4C66-BAD5-DFB2C11816E2}.Debug|Any CPU.ActiveCfg = Debug|Any CPU
		{73E5B77D-9661-4C66-BAD5-DFB2C11816E2}.Debug|Any CPU.Build.0 = Debug|Any CPU
		{73E5B77D-9661-4C66-BAD5-DFB2C11816E2}.Release|Any CPU.ActiveCfg = Release|Any CPU
		{73E5B77D-9661-4C66-BAD5-DFB2C11816E2}.Release|Any CPU.Build.0 = Release|Any CPU
		{C56D6002-6A08-471A-841E-CAD1EFD72B92}.Debug|Any CPU.ActiveCfg = Debug|Any CPU
		{C56D6002-6A08-471A-841E-CAD1EFD72B92}.Debug|Any CPU.Build.0 = Debug|Any CPU
		{C56D6002-6A08-471A-841E-CAD1EFD72B92}.Release|Any CPU.ActiveCfg = Release|Any CPU
		{C56D6002-6A08-471A-841E-CAD1EFD72B92}.Release|Any CPU.Build.0 = Release|Any CPU
		{ABE97332-C08D-444E-AE8A-948C89E79718}.Debug|Any CPU.ActiveCfg = Debug|Any CPU
		{ABE97332-C08D-444E-AE8A-948C89E79718}.Debug|Any CPU.Build.0 = Debug|Any CPU
		{ABE97332-C08D-444E-AE8A-948C89E79718}.Release|Any CPU.ActiveCfg = Release|Any CPU
		{ABE97332-C08D-444E-AE8A-948C89E79718}.Release|Any CPU.Build.0 = Release|Any CPU
		{D207C40B-FC97-4802-95D4-4C05A27D699F}.Debug|Any CPU.ActiveCfg = Debug|Any CPU
		{D207C40B-FC97-4802-95D4-4C05A27D699F}.Debug|Any CPU.Build.0 = Debug|Any CPU
		{D207C40B-FC97-4802-95D4-4C05A27D699F}.Release|Any CPU.ActiveCfg = Release|Any CPU
		{D207C40B-FC97-4802-95D4-4C05A27D699F}.Release|Any CPU.Build.0 = Release|Any CPU
		{375D2A09-56F8-4BB0-9C5B-FD9F9586772E}.Debug|Any CPU.ActiveCfg = Debug|Any CPU
		{375D2A09-56F8-4BB0-9C5B-FD9F9586772E}.Debug|Any CPU.Build.0 = Debug|Any CPU
		{375D2A09-56F8-4BB0-9C5B-FD9F9586772E}.Release|Any CPU.ActiveCfg = Release|Any CPU
		{375D2A09-56F8-4BB0-9C5B-FD9F9586772E}.Release|Any CPU.Build.0 = Release|Any CPU
		{F313DA91-3A82-44A4-8B64-D07D93DB884F}.Debug|Any CPU.ActiveCfg = Debug|Any CPU
		{F313DA91-3A82-44A4-8B64-D07D93DB884F}.Debug|Any CPU.Build.0 = Debug|Any CPU
		{F313DA91-3A82-44A4-8B64-D07D93DB884F}.Release|Any CPU.ActiveCfg = Release|Any CPU
		{F313DA91-3A82-44A4-8B64-D07D93DB884F}.Release|Any CPU.Build.0 = Release|Any CPU
		{1506DF0F-833C-430E-9C9F-76221EB28606}.Debug|Any CPU.ActiveCfg = Debug|Any CPU
		{1506DF0F-833C-430E-9C9F-76221EB28606}.Debug|Any CPU.Build.0 = Debug|Any CPU
		{1506DF0F-833C-430E-9C9F-76221EB28606}.Release|Any CPU.ActiveCfg = Release|Any CPU
		{1506DF0F-833C-430E-9C9F-76221EB28606}.Release|Any CPU.Build.0 = Release|Any CPU
	EndGlobalSection
	GlobalSection(SolutionProperties) = preSolution
		HideSolutionNode = FALSE
	EndGlobalSection
	GlobalSection(ExtensibilityGlobals) = postSolution
		SolutionGuid = {F88DB2E9-CB13-4E5A-90CB-B18DB860069E}
	EndGlobalSection
EndGlobal
